
Microsoft Visual Studio Solution File, Format Version 11.00
# Visual Studio 2010
Project("{F184B08F-C81C-45F6-A57F-5ABD9991F28F}") = "10.Kalkulator", "10.Kalkulator\10.Kalkulator.vbproj", "{0DDA49CE-5BAA-4C83-8060-0C6C70DFE7F5}"
EndProject
Global
	GlobalSection(SolutionConfigurationPlatforms) = preSolution
		Debug|x86 = Debug|x86
		Release|x86 = Release|x86
	EndGlobalSection
	GlobalSection(ProjectConfigurationPlatforms) = postSolution
		{0DDA49CE-5BAA-4C83-8060-0C6C70DFE7F5}.Debug|x86.ActiveCfg = Debug|x86
		{0DDA49CE-5BAA-4C83-8060-0C6C70DFE7F5}.Debug|x86.Build.0 = Debug|x86
		{0DDA49CE-5BAA-4C83-8060-0C6C70DFE7F5}.Release|x86.ActiveCfg = Release|x86
		{0DDA49CE-5BAA-4C83-8060-0C6C70DFE7F5}.Release|x86.Build.0 = Release|x86
	EndGlobalSection
	GlobalSection(SolutionProperties) = preSolution
		HideSolutionNode = FALSE
	EndGlobalSection
EndGlobal
