
Microsoft Visual Studio Solution File, Format Version 11.00
# Visual Studio 2010
Project("{F184B08F-C81C-45F6-A57F-5ABD9991F28F}") = "9.RelasiAntarTabel", "9.RelasiAntarTabel\9.RelasiAntarTabel.vbproj", "{C8B459E0-FE71-4254-9006-0028AE6017EA}"
EndProject
Global
	GlobalSection(SolutionConfigurationPlatforms) = preSolution
		Debug|x86 = Debug|x86
		Release|x86 = Release|x86
	EndGlobalSection
	GlobalSection(ProjectConfigurationPlatforms) = postSolution
		{C8B459E0-FE71-4254-9006-0028AE6017EA}.Debug|x86.ActiveCfg = Debug|x86
		{C8B459E0-FE71-4254-9006-0028AE6017EA}.Debug|x86.Build.0 = Debug|x86
		{C8B459E0-FE71-4254-9006-0028AE6017EA}.Release|x86.ActiveCfg = Release|x86
		{C8B459E0-FE71-4254-9006-0028AE6017EA}.Release|x86.Build.0 = Release|x86
	EndGlobalSection
	GlobalSection(SolutionProperties) = preSolution
		HideSolutionNode = FALSE
	EndGlobalSection
EndGlobal
